
Microsoft Visual Studio Solution File, Format Version 12.00
# Visual Studio 15
Project("{FAE04EC0-301F-11D3-BF4B-00C04F79EFBC}") = "Assembly-CSharp", "Assembly-CSharp.csproj", "{433CD72E-E48F-1F53-F89E-87A2FE58255D}"
EndProject
Global
	GlobalSection(SolutionConfigurationPlatforms) = preSolution
		Debug|Any CPU = Debug|Any CPU
		Release|Any CPU = Release|Any CPU
	EndGlobalSection
	GlobalSection(ProjectConfigurationPlatforms) = postSolution
		{433CD72E-E48F-1F53-F89E-87A2FE58255D}.Debug|Any CPU.ActiveCfg = Debug|Any CPU
		{433CD72E-E48F-1F53-F89E-87A2FE58255D}.Debug|Any CPU.Build.0 = Debug|Any CPU
		{433CD72E-E48F-1F53-F89E-87A2FE58255D}.Release|Any CPU.ActiveCfg = Release|Any CPU
		{433CD72E-E48F-1F53-F89E-87A2FE58255D}.Release|Any CPU.Build.0 = Release|Any CPU
	EndGlobalSection
	GlobalSection(SolutionProperties) = preSolution
		HideSolutionNode = FALSE
	EndGlobalSection
EndGlobal
